// !$*UTF8*$!
{
	archiveVersion = 1;
	classes = {
	};
	objectVersion = 46;
	objects = {

/* Begin PBXBuildFile section */
		9686B5671B45717400234D69 /* main.m in Sources */ = {isa = PBXBuildFile; fileRef = 9686B5661B45717400234D69 /* main.m */; };
		9686B56A1B45717400234D69 /* AppDelegate.m in Sources */ = {isa = PBXBuildFile; fileRef = 9686B5691B45717400234D69 /* AppDelegate.m */; };
		9686B56D1B45717400234D69 /* ViewController.m in Sources */ = {isa = PBXBuildFile; fileRef = 9686B56C1B45717400234D69 /* ViewController.m */; };
		9686B5701B45717400234D69 /* Main.storyboard in Resources */ = {isa = PBXBuildFile; fileRef = 9686B56E1B45717400234D69 /* Main.storyboard */; };
		9686B5721B45717400234D69 /* Images.xcassets in Resources */ = {isa = PBXBuildFile; fileRef = 9686B5711B45717400234D69 /* Images.xcassets */; };
		9686B5751B45717400234D69 /* LaunchScreen.xib in Resources */ = {isa = PBXBuildFile; fileRef = 9686B5731B45717400234D69 /* LaunchScreen.xib */; };
		9686B5DC1B4571BA00234D69 /* GCDAsyncSocket.m in Sources */ = {isa = PBXBuildFile; fileRef = 9686B5B61B4571BA00234D69 /* GCDAsyncSocket.m */; };
		9686B5DD1B4571BA00234D69 /* encrypt.c in Sources */ = {isa = PBXBuildFile; fileRef = 9686B5B71B4571BA00234D69 /* encrypt.c */; };
		9686B5DE1B4571BA00234D69 /* HSUServerList.m in Sources */ = {isa = PBXBuildFile; fileRef = 9686B5BA1B4571BA00234D69 /* HSUServerList.m */; };
		9686B5F11B4571BA00234D69 /* openssl.framework in Frameworks */ = {isa = PBXBuildFile; fileRef = 9686B5D51B4571BA00234D69 /* openssl.framework */; };
		9686B5F21B4571BA00234D69 /* ShadowsocksClient.m in Sources */ = {isa = PBXBuildFile; fileRef = 9686B5D81B4571BA00234D69 /* ShadowsocksClient.m */; };
		9686B5F31B4571BA00234D69 /* SSProxyProtocol.m in Sources */ = {isa = PBXBuildFile; fileRef = 9686B5DB1B4571BA00234D69 /* SSProxyProtocol.m */; };
/* End PBXBuildFile section */

/* Begin PBXFileReference section */
		9686B5611B45717400234D69 /* ShadowsocksDemo.app */ = {isa = PBXFileReference; explicitFileType = wrapper.application; includeInIndex = 0; path = ShadowsocksDemo.app; sourceTree = BUILT_PRODUCTS_DIR; };
		9686B5651B45717400234D69 /* Info.plist */ = {isa = PBXFileReference; lastKnownFileType = text.plist.xml; path = Info.plist; sourceTree = "<group>"; };
		9686B5661B45717400234D69 /* main.m */ = {isa = PBXFileReference; lastKnownFileType = sourcecode.c.objc; path = main.m; sourceTree = "<group>"; };
		9686B5681B45717400234D69 /* AppDelegate.h */ = {isa = PBXFileReference; lastKnownFileType = sourcecode.c.h; path = AppDelegate.h; sourceTree = "<group>"; };
		9686B5691B45717400234D69 /* AppDelegate.m */ = {isa = PBXFileReference; lastKnownFileType = sourcecode.c.objc; path = AppDelegate.m; sourceTree = "<group>"; };
		9686B56B1B45717400234D69 /* ViewController.h */ = {isa = PBXFileReference; lastKnownFileType = sourcecode.c.h; path = ViewController.h; sourceTree = "<group>"; };
		9686B56C1B45717400234D69 /* ViewController.m */ = {isa = PBXFileReference; lastKnownFileType = sourcecode.c.objc; path = ViewController.m; sourceTree = "<group>"; };
		9686B56F1B45717400234D69 /* Base */ = {isa = PBXFileReference; lastKnownFileType = file.storyboard; name = Base; path = Base.lproj/Main.storyboard; sourceTree = "<group>"; };
		9686B5711B45717400234D69 /* Images.xcassets */ = {isa = PBXFileReference; lastKnownFileType = folder.assetcatalog; path = Images.xcassets; sourceTree = "<group>"; };
		9686B5741B45717400234D69 /* Base */ = {isa = PBXFileReference; lastKnownFileType = file.xib; name = Base; path = Base.lproj/LaunchScreen.xib; sourceTree = "<group>"; };
		9686B5B51B4571BA00234D69 /* GCDAsyncSocket.h */ = {isa = PBXFileReference; fileEncoding = 4; lastKnownFileType = sourcecode.c.h; path = GCDAsyncSocket.h; sourceTree = "<group>"; };
		9686B5B61B4571BA00234D69 /* GCDAsyncSocket.m */ = {isa = PBXFileReference; fileEncoding = 4; lastKnownFileType = sourcecode.c.objc; path = GCDAsyncSocket.m; sourceTree = "<group>"; };
		9686B5B71B4571BA00234D69 /* encrypt.c */ = {isa = PBXFileReference; fileEncoding = 4; lastKnownFileType = sourcecode.c.c; path = encrypt.c; sourceTree = "<group>"; };
		9686B5B81B4571BA00234D69 /* encrypt.h */ = {isa = PBXFileReference; fileEncoding = 4; lastKnownFileType = sourcecode.c.h; path = encrypt.h; sourceTree = "<group>"; };
		9686B5B91B4571BA00234D69 /* HSUServerList.h */ = {isa = PBXFileReference; fileEncoding = 4; lastKnownFileType = sourcecode.c.h; path = HSUServerList.h; sourceTree = "<group>"; };
		9686B5BA1B4571BA00234D69 /* HSUServerList.m */ = {isa = PBXFileReference; fileEncoding = 4; lastKnownFileType = sourcecode.c.objc; path = HSUServerList.m; sourceTree = "<group>"; };
		9686B5D51B4571BA00234D69 /* openssl.framework */ = {isa = PBXFileReference; lastKnownFileType = wrapper.framework; path = openssl.framework; sourceTree = "<group>"; };
		9686B5D61B4571BA00234D69 /* shadowsocks-Prefix.pch */ = {isa = PBXFileReference; fileEncoding = 4; lastKnownFileType = sourcecode.c.h; path = "shadowsocks-Prefix.pch"; sourceTree = "<group>"; };
		9686B5D71B4571BA00234D69 /* ShadowsocksClient.h */ = {isa = PBXFileReference; fileEncoding = 4; lastKnownFileType = sourcecode.c.h; path = ShadowsocksClient.h; sourceTree = "<group>"; };
		9686B5D81B4571BA00234D69 /* ShadowsocksClient.m */ = {isa = PBXFileReference; fileEncoding = 4; lastKnownFileType = sourcecode.c.objc; path = ShadowsocksClient.m; sourceTree = "<group>"; };
		9686B5D91B4571BA00234D69 /* socks5.h */ = {isa = PBXFileReference; fileEncoding = 4; lastKnownFileType = sourcecode.c.h; path = socks5.h; sourceTree = "<group>"; };
		9686B5DA1B4571BA00234D69 /* SSProxyProtocol.h */ = {isa = PBXFileReference; fileEncoding = 4; lastKnownFileType = sourcecode.c.h; path = SSProxyProtocol.h; sourceTree = "<group>"; };
		9686B5DB1B4571BA00234D69 /* SSProxyProtocol.m */ = {isa = PBXFileReference; fileEncoding = 4; lastKnownFileType = sourcecode.c.objc; path = SSProxyProtocol.m; sourceTree = "<group>"; };
/* End PBXFileReference section */

/* Begin PBXFrameworksBuildPhase section */
		9686B55E1B45717400234D69 /* Frameworks */ = {
			isa = PBXFrameworksBuildPhase;
			buildActionMask = 2147483647;
			files = (
				9686B5F11B4571BA00234D69 /* openssl.framework in Frameworks */,
			);
			runOnlyForDeploymentPostprocessing = 0;
		};
/* End PBXFrameworksBuildPhase section */

/* Begin PBXGroup section */
		9686B5581B45717400234D69 = {
			isa = PBXGroup;
			children = (
				9686B5B31B4571BA00234D69 /* shadowsocks */,
				9686B5631B45717400234D69 /* ShadowsocksDemo */,
				9686B5621B45717400234D69 /* Products */,
			);
			sourceTree = "<group>";
		};
		9686B5621B45717400234D69 /* Products */ = {
			isa = PBXGroup;
			children = (
				9686B5611B45717400234D69 /* ShadowsocksDemo.app */,
			);
			name = Products;
			sourceTree = "<group>";
		};
		9686B5631B45717400234D69 /* ShadowsocksDemo */ = {
			isa = PBXGroup;
			children = (
				9686B5681B45717400234D69 /* AppDelegate.h */,
				9686B5691B45717400234D69 /* AppDelegate.m */,
				9686B56B1B45717400234D69 /* ViewController.h */,
				9686B56C1B45717400234D69 /* ViewController.m */,
				9686B56E1B45717400234D69 /* Main.storyboard */,
				9686B5711B45717400234D69 /* Images.xcassets */,
				9686B5731B45717400234D69 /* LaunchScreen.xib */,
				9686B5641B45717400234D69 /* Supporting Files */,
			);
			path = ShadowsocksDemo;
			sourceTree = "<group>";
		};
		9686B5641B45717400234D69 /* Supporting Files */ = {
			isa = PBXGroup;
			children = (
				9686B5651B45717400234D69 /* Info.plist */,
				9686B5661B45717400234D69 /* main.m */,
			);
			name = "Supporting Files";
			sourceTree = "<group>";
		};
		9686B5B31B4571BA00234D69 /* shadowsocks */ = {
			isa = PBXGroup;
			children = (
				9686B5B41B4571BA00234D69 /* CocoaAsyncSocket */,
				9686B5B71B4571BA00234D69 /* encrypt.c */,
				9686B5B81B4571BA00234D69 /* encrypt.h */,
				9686B5B91B4571BA00234D69 /* HSUServerList.h */,
				9686B5BA1B4571BA00234D69 /* HSUServerList.m */,
				9686B5D51B4571BA00234D69 /* openssl.framework */,
				9686B5D61B4571BA00234D69 /* shadowsocks-Prefix.pch */,
				9686B5D71B4571BA00234D69 /* ShadowsocksClient.h */,
				9686B5D81B4571BA00234D69 /* ShadowsocksClient.m */,
				9686B5D91B4571BA00234D69 /* socks5.h */,
				9686B5DA1B4571BA00234D69 /* SSProxyProtocol.h */,
				9686B5DB1B4571BA00234D69 /* SSProxyProtocol.m */,
			);
			path = shadowsocks;
			sourceTree = "<group>";
		};
		9686B5B41B4571BA00234D69 /* CocoaAsyncSocket */ = {
			isa = PBXGroup;
			children = (
				9686B5B51B4571BA00234D69 /* GCDAsyncSocket.h */,
				9686B5B61B4571BA00234D69 /* GCDAsyncSocket.m */,
			);
			path = CocoaAsyncSocket;
			sourceTree = "<group>";
		};
/* End PBXGroup section */

/* Begin PBXNativeTarget section */
		9686B5601B45717400234D69 /* ShadowsocksDemo */ = {
			isa = PBXNativeTarget;
			buildConfigurationList = 9686B5841B45717400234D69 /* Build configuration list for PBXNativeTarget "ShadowsocksDemo" */;
			buildPhases = (
				9686B55D1B45717400234D69 /* Sources */,
				9686B55E1B45717400234D69 /* Frameworks */,
				9686B55F1B45717400234D69 /* Resources */,
			);
			buildRules = (
			);
			dependencies = (
			);
			name = ShadowsocksDemo;
			productName = ShadowsocksDemo;
			productReference = 9686B5611B45717400234D69 /* ShadowsocksDemo.app */;
			productType = "com.apple.product-type.application";
		};
/* End PBXNativeTarget section */

/* Begin PBXProject section */
		9686B5591B45717400234D69 /* Project object */ = {
			isa = PBXProject;
			attributes = {
				LastUpgradeCheck = 0630;
				ORGANIZATIONNAME = "Jason Hsu";
				TargetAttributes = {
					9686B5601B45717400234D69 = {
						CreatedOnToolsVersion = 6.3.2;
					};
				};
			};
			buildConfigurationList = 9686B55C1B45717400234D69 /* Build configuration list for PBXProject "ShadowsocksDemo" */;
			compatibilityVersion = "Xcode 3.2";
			developmentRegion = English;
			hasScannedForEncodings = 0;
			knownRegions = (
				en,
				Base,
			);
			mainGroup = 9686B5581B45717400234D69;
			productRefGroup = 9686B5621B45717400234D69 /* Products */;
			projectDirPath = "";
			projectRoot = "";
			targets = (
				9686B5601B45717400234D69 /* ShadowsocksDemo */,
			);
		};
/* End PBXProject section */

/* Begin PBXResourcesBuildPhase section */
		9686B55F1B45717400234D69 /* Resources */ = {
			isa = PBXResourcesBuildPhase;
			buildActionMask = 2147483647;
			files = (
				9686B5701B45717400234D69 /* Main.storyboard in Resources */,
				9686B5751B45717400234D69 /* LaunchScreen.xib in Resources */,
				9686B5721B45717400234D69 /* Images.xcassets in Resources */,
			);
			runOnlyForDeploymentPostprocessing = 0;
		};
/* End PBXResourcesBuildPhase section */

/* Begin PBXSourcesBuildPhase section */
		9686B55D1B45717400234D69 /* Sources */ = {
			isa = PBXSourcesBuildPhase;
			buildActionMask = 2147483647;
			files = (
				9686B5DC1B4571BA00234D69 /* GCDAsyncSocket.m in Sources */,
				9686B5F31B4571BA00234D69 /* SSProxyProtocol.m in Sources */,
				9686B5F21B4571BA00234D69 /* ShadowsocksClient.m in Sources */,
				9686B5DE1B4571BA00234D69 /* HSUServerList.m in Sources */,
				9686B56D1B45717400234D69 /* ViewController.m in Sources */,
				9686B56A1B45717400234D69 /* AppDelegate.m in Sources */,
				9686B5DD1B4571BA00234D69 /* encrypt.c in Sources */,
				9686B5671B45717400234D69 /* main.m in Sources */,
			);
			runOnlyForDeploymentPostprocessing = 0;
		};
/* End PBXSourcesBuildPhase section */

/* Begin PBXVariantGroup section */
		9686B56E1B45717400234D69 /* Main.storyboard */ = {
			isa = PBXVariantGroup;
			children = (
				9686B56F1B45717400234D69 /* Base */,
			);
			name = Main.storyboard;
			sourceTree = "<group>";
		};
		9686B5731B45717400234D69 /* LaunchScreen.xib */ = {
			isa = PBXVariantGroup;
			children = (
				9686B5741B45717400234D69 /* Base */,
			);
			name = LaunchScreen.xib;
			sourceTree = "<group>";
		};
/* End PBXVariantGroup section */

/* Begin XCBuildConfiguration section */
		9686B5821B45717400234D69 /* Debug */ = {
			isa = XCBuildConfiguration;
			buildSettings = {
				ALWAYS_SEARCH_USER_PATHS = NO;
				CLANG_CXX_LANGUAGE_STANDARD = "gnu++0x";
				CLANG_CXX_LIBRARY = "libc++";
				CLANG_ENABLE_MODULES = YES;
				CLANG_ENABLE_OBJC_ARC = YES;
				CLANG_WARN_BOOL_CONVERSION = YES;
				CLANG_WARN_CONSTANT_CONVERSION = YES;
				CLANG_WARN_DIRECT_OBJC_ISA_USAGE = YES_ERROR;
				CLANG_WARN_EMPTY_BODY = YES;
				CLANG_WARN_ENUM_CONVERSION = YES;
				CLANG_WARN_INT_CONVERSION = YES;
				CLANG_WARN_OBJC_ROOT_CLASS = YES_ERROR;
				CLANG_WARN_UNREACHABLE_CODE = YES;
				CLANG_WARN__DUPLICATE_METHOD_MATCH = YES;
				"CODE_SIGN_IDENTITY[sdk=iphoneos*]" = "iPhone Developer";
				COPY_PHASE_STRIP = NO;
				DEBUG_INFORMATION_FORMAT = "dwarf-with-dsym";
				ENABLE_STRICT_OBJC_MSGSEND = YES;
				GCC_C_LANGUAGE_STANDARD = gnu99;
				GCC_DYNAMIC_NO_PIC = NO;
				GCC_NO_COMMON_BLOCKS = YES;
				GCC_OPTIMIZATION_LEVEL = 0;
				GCC_PREPROCESSOR_DEFINITIONS = (
					"DEBUG=1",
					"$(inherited)",
				);
				GCC_SYMBOLS_PRIVATE_EXTERN = NO;
				GCC_WARN_64_TO_32_BIT_CONVERSION = YES;
				GCC_WARN_ABOUT_RETURN_TYPE = YES_ERROR;
				GCC_WARN_UNDECLARED_SELECTOR = YES;
				GCC_WARN_UNINITIALIZED_AUTOS = YES_AGGRESSIVE;
				GCC_WARN_UNUSED_FUNCTION = YES;
				GCC_WARN_UNUSED_VARIABLE = YES;
				IPHONEOS_DEPLOYMENT_TARGET = 8.3;
				MTL_ENABLE_DEBUG_INFO = YES;
				ONLY_ACTIVE_ARCH = YES;
				SDKROOT = iphoneos;
				TARGETED_DEVICE_FAMILY = "1,2";
			};
			name = Debug;
		};
		9686B5831B45717400234D69 /* Release */ = {
			isa = XCBuildConfiguration;
			buildSettings = {
				ALWAYS_SEARCH_USER_PATHS = NO;
				CLANG_CXX_LANGUAGE_STANDARD = "gnu++0x";
				CLANG_CXX_LIBRARY = "libc++";
				CLANG_ENABLE_MODULES = YES;
				CLANG_ENABLE_OBJC_ARC = YES;
				CLANG_WARN_BOOL_CONVERSION = YES;
				CLANG_WARN_CONSTANT_CONVERSION = YES;
				CLANG_WARN_DIRECT_OBJC_ISA_USAGE = YES_ERROR;
				CLANG_WARN_EMPTY_BODY = YES;
				CLANG_WARN_ENUM_CONVERSION = YES;
				CLANG_WARN_INT_CONVERSION = YES;
				CLANG_WARN_OBJC_ROOT_CLASS = YES_ERROR;
				CLANG_WARN_UNREACHABLE_CODE = YES;
				CLANG_WARN__DUPLICATE_METHOD_MATCH = YES;
				"CODE_SIGN_IDENTITY[sdk=iphoneos*]" = "iPhone Developer";
				COPY_PHASE_STRIP = NO;
				DEBUG_INFORMATION_FORMAT = "dwarf-with-dsym";
				ENABLE_NS_ASSERTIONS = NO;
				ENABLE_STRICT_OBJC_MSGSEND = YES;
				GCC_C_LANGUAGE_STANDARD = gnu99;
				GCC_NO_COMMON_BLOCKS = YES;
				GCC_WARN_64_TO_32_BIT_CONVERSION = YES;
				GCC_WARN_ABOUT_RETURN_TYPE = YES_ERROR;
				GCC_WARN_UNDECLARED_SELECTOR = YES;
				GCC_WARN_UNINITIALIZED_AUTOS = YES_AGGRESSIVE;
				GCC_WARN_UNUSED_FUNCTION = YES;
				GCC_WARN_UNUSED_VARIABLE = YES;
				IPHONEOS_DEPLOYMENT_TARGET = 8.3;
				MTL_ENABLE_DEBUG_INFO = NO;
				SDKROOT = iphoneos;
				TARGETED_DEVICE_FAMILY = "1,2";
				VALIDATE_PRODUCT = YES;
			};
			name = Release;
		};
		9686B5851B45717400234D69 /* Debug */ = {
			isa = XCBuildConfiguration;
			buildSettings = {
				ASSETCATALOG_COMPILER_APPICON_NAME = AppIcon;
				FRAMEWORK_SEARCH_PATHS = (
					"$(inherited)",
					"$(PROJECT_DIR)/shadowsocks",
				);
				INFOPLIST_FILE = ShadowsocksDemo/Info.plist;
				LD_RUNPATH_SEARCH_PATHS = "$(inherited) @executable_path/Frameworks";
				PRODUCT_NAME = "$(TARGET_NAME)";
			};
			name = Debug;
		};
		9686B5861B45717400234D69 /* Release */ = {
			isa = XCBuildConfiguration;
			buildSettings = {
				ASSETCATALOG_COMPILER_APPICON_NAME = AppIcon;
				FRAMEWORK_SEARCH_PATHS = (
					"$(inherited)",
					"$(PROJECT_DIR)/shadowsocks",
				);
				INFOPLIST_FILE = ShadowsocksDemo/Info.plist;
				LD_RUNPATH_SEARCH_PATHS = "$(inherited) @executable_path/Frameworks";
				PRODUCT_NAME = "$(TARGET_NAME)";
			};
			name = Release;
		};
/* End XCBuildConfiguration section */

/* Begin XCConfigurationList section */
		9686B55C1B45717400234D69 /* Build configuration list for PBXProject "ShadowsocksDemo" */ = {
			isa = XCConfigurationList;
			buildConfigurations = (
				9686B5821B45717400234D69 /* Debug */,
				9686B5831B45717400234D69 /* Release */,
			);
			defaultConfigurationIsVisible = 0;
			defaultConfigurationName = Release;
		};
		9686B5841B45717400234D69 /* Build configuration list for PBXNativeTarget "ShadowsocksDemo" */ = {
			isa = XCConfigurationList;
			buildConfigurations = (
				9686B5851B45717400234D69 /* Debug */,
				9686B5861B45717400234D69 /* Release */,
			);
			defaultConfigurationIsVisible = 0;
			defaultConfigurationName = Release;
		};
/* End XCConfigurationList section */
	};
	rootObject = 9686B5591B45717400234D69 /* Project object */;
}
